// !$*UTF8*$!
{
	archiveVersion = 1;
	classes = {
	};
	objectVersion = 46;
	objects = {

/* Begin PBXBuildFile section */
		30FAABE800030F7125DDCAA7 /* Pods_releafUITests.framework in Frameworks */ = {isa = PBXBuildFile; fileRef = 6DD30BBF634FAA53C5C1D547 /* Pods_releafUITests.framework */; };
		3566090BC84EDF7B64656CF6 /* Pods_releaf.framework in Frameworks */ = {isa = PBXBuildFile; fileRef = 4A84AFA04C1C6E5CDA1EA2F7 /* Pods_releaf.framework */; };
		5B95CFC774BF6A7DF71C6EAF /* Pods_releafTests.framework in Frameworks */ = {isa = PBXBuildFile; fileRef = DA8596CB3CE77749A45D75EB /* Pods_releafTests.framework */; };
		A150BC961E7DA3F800A4175F /* SignUpController.swift in Sources */ = {isa = PBXBuildFile; fileRef = A150BC951E7DA3F800A4175F /* SignUpController.swift */; };
		A150BC981E7DA47A00A4175F /* GoogleService-Info.plist in Resources */ = {isa = PBXBuildFile; fileRef = A150BC971E7DA47A00A4175F /* GoogleService-Info.plist */; };
		A150BC9B1E7DC90500A4175F /* PromptTableViewCell.swift in Sources */ = {isa = PBXBuildFile; fileRef = A150BC9A1E7DC90500A4175F /* PromptTableViewCell.swift */; };
		A1B02F281E7474EF0002151D /* AppDelegate.swift in Sources */ = {isa = PBXBuildFile; fileRef = A1B02F271E7474EF0002151D /* AppDelegate.swift */; };
		A1B02F2A1E7474EF0002151D /* PostsController.swift in Sources */ = {isa = PBXBuildFile; fileRef = A1B02F291E7474EF0002151D /* PostsController.swift */; };
		A1B02F2C1E7474EF0002151D /* LoginController.swift in Sources */ = {isa = PBXBuildFile; fileRef = A1B02F2B1E7474EF0002151D /* LoginController.swift */; };
		A1B02F2F1E7474EF0002151D /* Main.storyboard in Resources */ = {isa = PBXBuildFile; fileRef = A1B02F2D1E7474EF0002151D /* Main.storyboard */; };
		A1B02F311E7474EF0002151D /* Assets.xcassets in Resources */ = {isa = PBXBuildFile; fileRef = A1B02F301E7474EF0002151D /* Assets.xcassets */; };
		A1B02F341E7474EF0002151D /* LaunchScreen.storyboard in Resources */ = {isa = PBXBuildFile; fileRef = A1B02F321E7474EF0002151D /* LaunchScreen.storyboard */; };
		A1B02F3F1E7474EF0002151D /* releafTests.swift in Sources */ = {isa = PBXBuildFile; fileRef = A1B02F3E1E7474EF0002151D /* releafTests.swift */; };
		A1B02F4A1E7474EF0002151D /* releafUITests.swift in Sources */ = {isa = PBXBuildFile; fileRef = A1B02F491E7474EF0002151D /* releafUITests.swift */; };
/* End PBXBuildFile section */

/* Begin PBXContainerItemProxy section */
		A1B02F3B1E7474EF0002151D /* PBXContainerItemProxy */ = {
			isa = PBXContainerItemProxy;
			containerPortal = A1B02F1C1E7474EE0002151D /* Project object */;
			proxyType = 1;
			remoteGlobalIDString = A1B02F231E7474EE0002151D;
			remoteInfo = releaf;
		};
		A1B02F461E7474EF0002151D /* PBXContainerItemProxy */ = {
			isa = PBXContainerItemProxy;
			containerPortal = A1B02F1C1E7474EE0002151D /* Project object */;
			proxyType = 1;
			remoteGlobalIDString = A1B02F231E7474EE0002151D;
			remoteInfo = releaf;
		};
/* End PBXContainerItemProxy section */

/* Begin PBXFileReference section */
		20C11810B66678BFDD9A7D3F /* Pods-releafUITests.release.xcconfig */ = {isa = PBXFileReference; includeInIndex = 1; lastKnownFileType = text.xcconfig; name = "Pods-releafUITests.release.xcconfig"; path = "Pods/Target Support Files/Pods-releafUITests/Pods-releafUITests.release.xcconfig"; sourceTree = "<group>"; };
		4A84AFA04C1C6E5CDA1EA2F7 /* Pods_releaf.framework */ = {isa = PBXFileReference; explicitFileType = wrapper.framework; includeInIndex = 0; path = Pods_releaf.framework; sourceTree = BUILT_PRODUCTS_DIR; };
		6DD30BBF634FAA53C5C1D547 /* Pods_releafUITests.framework */ = {isa = PBXFileReference; explicitFileType = wrapper.framework; includeInIndex = 0; path = Pods_releafUITests.framework; sourceTree = BUILT_PRODUCTS_DIR; };
		6F027B2446C8DE334E0C3AFD /* Pods-releafTests.debug.xcconfig */ = {isa = PBXFileReference; includeInIndex = 1; lastKnownFileType = text.xcconfig; name = "Pods-releafTests.debug.xcconfig"; path = "Pods/Target Support Files/Pods-releafTests/Pods-releafTests.debug.xcconfig"; sourceTree = "<group>"; };
		8E8E06EA7BC5631A56354EF5 /* Pods-releafTests.release.xcconfig */ = {isa = PBXFileReference; includeInIndex = 1; lastKnownFileType = text.xcconfig; name = "Pods-releafTests.release.xcconfig"; path = "Pods/Target Support Files/Pods-releafTests/Pods-releafTests.release.xcconfig"; sourceTree = "<group>"; };
		99233D825F7E2F24F749D7BD /* Pods-releaf.debug.xcconfig */ = {isa = PBXFileReference; includeInIndex = 1; lastKnownFileType = text.xcconfig; name = "Pods-releaf.debug.xcconfig"; path = "Pods/Target Support Files/Pods-releaf/Pods-releaf.debug.xcconfig"; sourceTree = "<group>"; };
		A150BC951E7DA3F800A4175F /* SignUpController.swift */ = {isa = PBXFileReference; fileEncoding = 4; lastKnownFileType = sourcecode.swift; path = SignUpController.swift; sourceTree = "<group>"; };
		A150BC971E7DA47A00A4175F /* GoogleService-Info.plist */ = {isa = PBXFileReference; fileEncoding = 4; lastKnownFileType = text.plist.xml; path = "GoogleService-Info.plist"; sourceTree = "<group>"; };
		A150BC9A1E7DC90500A4175F /* PromptTableViewCell.swift */ = {isa = PBXFileReference; fileEncoding = 4; lastKnownFileType = sourcecode.swift; path = PromptTableViewCell.swift; sourceTree = "<group>"; };
		A1B02F241E7474EF0002151D /* releaf.app */ = {isa = PBXFileReference; explicitFileType = wrapper.application; includeInIndex = 0; path = releaf.app; sourceTree = BUILT_PRODUCTS_DIR; };
		A1B02F271E7474EF0002151D /* AppDelegate.swift */ = {isa = PBXFileReference; lastKnownFileType = sourcecode.swift; path = AppDelegate.swift; sourceTree = "<group>"; };
		A1B02F291E7474EF0002151D /* PostsController.swift */ = {isa = PBXFileReference; lastKnownFileType = sourcecode.swift; path = PostsController.swift; sourceTree = "<group>"; };
		A1B02F2B1E7474EF0002151D /* LoginController.swift */ = {isa = PBXFileReference; lastKnownFileType = sourcecode.swift; path = LoginController.swift; sourceTree = "<group>"; };
		A1B02F2E1E7474EF0002151D /* Base */ = {isa = PBXFileReference; lastKnownFileType = file.storyboard; name = Base; path = Base.lproj/Main.storyboard; sourceTree = "<group>"; };
		A1B02F301E7474EF0002151D /* Assets.xcassets */ = {isa = PBXFileReference; lastKnownFileType = folder.assetcatalog; path = Assets.xcassets; sourceTree = "<group>"; };
		A1B02F331E7474EF0002151D /* Base */ = {isa = PBXFileReference; lastKnownFileType = file.storyboard; name = Base; path = Base.lproj/LaunchScreen.storyboard; sourceTree = "<group>"; };
		A1B02F351E7474EF0002151D /* Info.plist */ = {isa = PBXFileReference; lastKnownFileType = text.plist.xml; path = Info.plist; sourceTree = "<group>"; };
		A1B02F3A1E7474EF0002151D /* releafTests.xctest */ = {isa = PBXFileReference; explicitFileType = wrapper.cfbundle; includeInIndex = 0; path = releafTests.xctest; sourceTree = BUILT_PRODUCTS_DIR; };
		A1B02F3E1E7474EF0002151D /* releafTests.swift */ = {isa = PBXFileReference; lastKnownFileType = sourcecode.swift; path = releafTests.swift; sourceTree = "<group>"; };
		A1B02F401E7474EF0002151D /* Info.plist */ = {isa = PBXFileReference; lastKnownFileType = text.plist.xml; path = Info.plist; sourceTree = "<group>"; };
		A1B02F451E7474EF0002151D /* releafUITests.xctest */ = {isa = PBXFileReference; explicitFileType = wrapper.cfbundle; includeInIndex = 0; path = releafUITests.xctest; sourceTree = BUILT_PRODUCTS_DIR; };
		A1B02F491E7474EF0002151D /* releafUITests.swift */ = {isa = PBXFileReference; lastKnownFileType = sourcecode.swift; path = releafUITests.swift; sourceTree = "<group>"; };
		A1B02F4B1E7474EF0002151D /* Info.plist */ = {isa = PBXFileReference; lastKnownFileType = text.plist.xml; path = Info.plist; sourceTree = "<group>"; };
		A51AB55BF2403BF746476E73 /* Pods-releafUITests.debug.xcconfig */ = {isa = PBXFileReference; includeInIndex = 1; lastKnownFileType = text.xcconfig; name = "Pods-releafUITests.debug.xcconfig"; path = "Pods/Target Support Files/Pods-releafUITests/Pods-releafUITests.debug.xcconfig"; sourceTree = "<group>"; };
		D91C8A06887AD65C48472310 /* Pods-releaf.release.xcconfig */ = {isa = PBXFileReference; includeInIndex = 1; lastKnownFileType = text.xcconfig; name = "Pods-releaf.release.xcconfig"; path = "Pods/Target Support Files/Pods-releaf/Pods-releaf.release.xcconfig"; sourceTree = "<group>"; };
		DA8596CB3CE77749A45D75EB /* Pods_releafTests.framework */ = {isa = PBXFileReference; explicitFileType = wrapper.framework; includeInIndex = 0; path = Pods_releafTests.framework; sourceTree = BUILT_PRODUCTS_DIR; };
/* End PBXFileReference section */

/* Begin PBXFrameworksBuildPhase section */
		A1B02F211E7474EE0002151D /* Frameworks */ = {
			isa = PBXFrameworksBuildPhase;
			buildActionMask = 2147483647;
			files = (
				3566090BC84EDF7B64656CF6 /* Pods_releaf.framework in Frameworks */,
			);
			runOnlyForDeploymentPostprocessing = 0;
		};
		A1B02F371E7474EF0002151D /* Frameworks */ = {
			isa = PBXFrameworksBuildPhase;
			buildActionMask = 2147483647;
			files = (
				5B95CFC774BF6A7DF71C6EAF /* Pods_releafTests.framework in Frameworks */,
			);
			runOnlyForDeploymentPostprocessing = 0;
		};
		A1B02F421E7474EF0002151D /* Frameworks */ = {
			isa = PBXFrameworksBuildPhase;
			buildActionMask = 2147483647;
			files = (
				30FAABE800030F7125DDCAA7 /* Pods_releafUITests.framework in Frameworks */,
			);
			runOnlyForDeploymentPostprocessing = 0;
		};
/* End PBXFrameworksBuildPhase section */

/* Begin PBXGroup section */
		140420D6DD3B66CF956B3920 /* Pods */ = {
			isa = PBXGroup;
			children = (
				99233D825F7E2F24F749D7BD /* Pods-releaf.debug.xcconfig */,
				D91C8A06887AD65C48472310 /* Pods-releaf.release.xcconfig */,
				6F027B2446C8DE334E0C3AFD /* Pods-releafTests.debug.xcconfig */,
				8E8E06EA7BC5631A56354EF5 /* Pods-releafTests.release.xcconfig */,
				A51AB55BF2403BF746476E73 /* Pods-releafUITests.debug.xcconfig */,
				20C11810B66678BFDD9A7D3F /* Pods-releafUITests.release.xcconfig */,
			);
			name = Pods;
			sourceTree = "<group>";
		};
		6E17D359BAD6F5FBF82855B5 /* Frameworks */ = {
			isa = PBXGroup;
			children = (
				4A84AFA04C1C6E5CDA1EA2F7 /* Pods_releaf.framework */,
				DA8596CB3CE77749A45D75EB /* Pods_releafTests.framework */,
				6DD30BBF634FAA53C5C1D547 /* Pods_releafUITests.framework */,
			);
			name = Frameworks;
			sourceTree = "<group>";
		};
		A150BC991E7DC8B300A4175F /* Posts */ = {
			isa = PBXGroup;
			children = (
				A1B02F291E7474EF0002151D /* PostsController.swift */,
				A150BC9A1E7DC90500A4175F /* PromptTableViewCell.swift */,
			);
			name = Posts;
			sourceTree = "<group>";
		};
		A1B02F1B1E7474EE0002151D = {
			isa = PBXGroup;
			children = (
				A1B02F261E7474EF0002151D /* releaf */,
				A1B02F3D1E7474EF0002151D /* releafTests */,
				A1B02F481E7474EF0002151D /* releafUITests */,
				A1B02F251E7474EF0002151D /* Products */,
				140420D6DD3B66CF956B3920 /* Pods */,
				6E17D359BAD6F5FBF82855B5 /* Frameworks */,
			);
			sourceTree = "<group>";
		};
		A1B02F251E7474EF0002151D /* Products */ = {
			isa = PBXGroup;
			children = (
				A1B02F241E7474EF0002151D /* releaf.app */,
				A1B02F3A1E7474EF0002151D /* releafTests.xctest */,
				A1B02F451E7474EF0002151D /* releafUITests.xctest */,
			);
			name = Products;
			sourceTree = "<group>";
		};
		A1B02F261E7474EF0002151D /* releaf */ = {
			isa = PBXGroup;
			children = (
				A1B02F271E7474EF0002151D /* AppDelegate.swift */,
				A150BC991E7DC8B300A4175F /* Posts */,
				A1B02F2B1E7474EF0002151D /* LoginController.swift */,
				A150BC951E7DA3F800A4175F /* SignUpController.swift */,
				A1B02F2D1E7474EF0002151D /* Main.storyboard */,
				A1B02F301E7474EF0002151D /* Assets.xcassets */,
				A1B02F321E7474EF0002151D /* LaunchScreen.storyboard */,
				A1B02F351E7474EF0002151D /* Info.plist */,
				A150BC971E7DA47A00A4175F /* GoogleService-Info.plist */,
			);
			path = releaf;
			sourceTree = "<group>";
		};
		A1B02F3D1E7474EF0002151D /* releafTests */ = {
			isa = PBXGroup;
			children = (
				A1B02F3E1E7474EF0002151D /* releafTests.swift */,
				A1B02F401E7474EF0002151D /* Info.plist */,
			);
			path = releafTests;
			sourceTree = "<group>";
		};
		A1B02F481E7474EF0002151D /* releafUITests */ = {
			isa = PBXGroup;
			children = (
				A1B02F491E7474EF0002151D /* releafUITests.swift */,
				A1B02F4B1E7474EF0002151D /* Info.plist */,
			);
			path = releafUITests;
			sourceTree = "<group>";
		};
/* End PBXGroup section */

/* Begin PBXNativeTarget section */
		A1B02F231E7474EE0002151D /* releaf */ = {
			isa = PBXNativeTarget;
			buildConfigurationList = A1B02F4E1E7474EF0002151D /* Build configuration list for PBXNativeTarget "releaf" */;
			buildPhases = (
				AE683F38A13E2FAFB0A98CB2 /* [CP] Check Pods Manifest.lock */,
				A1B02F201E7474EE0002151D /* Sources */,
				A1B02F211E7474EE0002151D /* Frameworks */,
				A1B02F221E7474EE0002151D /* Resources */,
				99FA0EF6CF02CF3BCA9D0E99 /* [CP] Embed Pods Frameworks */,
				769075067E8A9712C2BAE28B /* [CP] Copy Pods Resources */,
			);
			buildRules = (
			);
			dependencies = (
			);
			name = releaf;
			productName = releaf;
			productReference = A1B02F241E7474EF0002151D /* releaf.app */;
			productType = "com.apple.product-type.application";
		};
		A1B02F391E7474EF0002151D /* releafTests */ = {
			isa = PBXNativeTarget;
			buildConfigurationList = A1B02F511E7474EF0002151D /* Build configuration list for PBXNativeTarget "releafTests" */;
			buildPhases = (
				F88481B5302F85D18D0EFBB7 /* [CP] Check Pods Manifest.lock */,
				A1B02F361E7474EF0002151D /* Sources */,
				A1B02F371E7474EF0002151D /* Frameworks */,
				A1B02F381E7474EF0002151D /* Resources */,
				75E560780F625CFCE246E924 /* [CP] Embed Pods Frameworks */,
				F317974A7C5A0423CA16B2AD /* [CP] Copy Pods Resources */,
			);
			buildRules = (
			);
			dependencies = (
				A1B02F3C1E7474EF0002151D /* PBXTargetDependency */,
			);
			name = releafTests;
			productName = releafTests;
			productReference = A1B02F3A1E7474EF0002151D /* releafTests.xctest */;
			productType = "com.apple.product-type.bundle.unit-test";
		};
		A1B02F441E7474EF0002151D /* releafUITests */ = {
			isa = PBXNativeTarget;
			buildConfigurationList = A1B02F541E7474EF0002151D /* Build configuration list for PBXNativeTarget "releafUITests" */;
			buildPhases = (
				6DF2DD53AAE6396EF19684FD /* [CP] Check Pods Manifest.lock */,
				A1B02F411E7474EF0002151D /* Sources */,
				A1B02F421E7474EF0002151D /* Frameworks */,
				A1B02F431E7474EF0002151D /* Resources */,
				F7C4DA6E1C656A6F4F9EEC7F /* [CP] Embed Pods Frameworks */,
				E2B52781C3962B5074095AAD /* [CP] Copy Pods Resources */,
			);
			buildRules = (
			);
			dependencies = (
				A1B02F471E7474EF0002151D /* PBXTargetDependency */,
			);
			name = releafUITests;
			productName = releafUITests;
			productReference = A1B02F451E7474EF0002151D /* releafUITests.xctest */;
			productType = "com.apple.product-type.bundle.ui-testing";
		};
/* End PBXNativeTarget section */

/* Begin PBXProject section */
		A1B02F1C1E7474EE0002151D /* Project object */ = {
			isa = PBXProject;
			attributes = {
				LastSwiftUpdateCheck = 0820;
				LastUpgradeCheck = 0820;
				ORGANIZATIONNAME = Emily;
				TargetAttributes = {
					A1B02F231E7474EE0002151D = {
						CreatedOnToolsVersion = 8.2.1;
						DevelopmentTeam = HSYD3ZBRT6;
						ProvisioningStyle = Automatic;
					};
					A1B02F391E7474EF0002151D = {
						CreatedOnToolsVersion = 8.2.1;
						DevelopmentTeam = HSYD3ZBRT6;
						ProvisioningStyle = Automatic;
						TestTargetID = A1B02F231E7474EE0002151D;
					};
					A1B02F441E7474EF0002151D = {
						CreatedOnToolsVersion = 8.2.1;
						DevelopmentTeam = HSYD3ZBRT6;
						ProvisioningStyle = Automatic;
						TestTargetID = A1B02F231E7474EE0002151D;
					};
				};
			};
			buildConfigurationList = A1B02F1F1E7474EE0002151D /* Build configuration list for PBXProject "releaf" */;
			compatibilityVersion = "Xcode 3.2";
			developmentRegion = English;
			hasScannedForEncodings = 0;
			knownRegions = (
				en,
				Base,
			);
			mainGroup = A1B02F1B1E7474EE0002151D;
			productRefGroup = A1B02F251E7474EF0002151D /* Products */;
			projectDirPath = "";
			projectRoot = "";
			targets = (
				A1B02F231E7474EE0002151D /* releaf */,
				A1B02F391E7474EF0002151D /* releafTests */,
				A1B02F441E7474EF0002151D /* releafUITests */,
			);
		};
/* End PBXProject section */

/* Begin PBXResourcesBuildPhase section */
		A1B02F221E7474EE0002151D /* Resources */ = {
			isa = PBXResourcesBuildPhase;
			buildActionMask = 2147483647;
			files = (
				A150BC981E7DA47A00A4175F /* GoogleService-Info.plist in Resources */,
				A1B02F341E7474EF0002151D /* LaunchScreen.storyboard in Resources */,
				A1B02F311E7474EF0002151D /* Assets.xcassets in Resources */,
				A1B02F2F1E7474EF0002151D /* Main.storyboard in Resources */,
			);
			runOnlyForDeploymentPostprocessing = 0;
		};
		A1B02F381E7474EF0002151D /* Resources */ = {
			isa = PBXResourcesBuildPhase;
			buildActionMask = 2147483647;
			files = (
			);
			runOnlyForDeploymentPostprocessing = 0;
		};
		A1B02F431E7474EF0002151D /* Resources */ = {
			isa = PBXResourcesBuildPhase;
			buildActionMask = 2147483647;
			files = (
			);
			runOnlyForDeploymentPostprocessing = 0;
		};
/* End PBXResourcesBuildPhase section */

/* Begin PBXShellScriptBuildPhase section */
		6DF2DD53AAE6396EF19684FD /* [CP] Check Pods Manifest.lock */ = {
			isa = PBXShellScriptBuildPhase;
			buildActionMask = 2147483647;
			files = (
			);
			inputPaths = (
			);
			name = "[CP] Check Pods Manifest.lock";
			outputPaths = (
			);
			runOnlyForDeploymentPostprocessing = 0;
			shellPath = /bin/sh;
			shellScript = "diff \"${PODS_ROOT}/../Podfile.lock\" \"${PODS_ROOT}/Manifest.lock\" > /dev/null\nif [ $? != 0 ] ; then\n    # print error to STDERR\n    echo \"error: The sandbox is not in sync with the Podfile.lock. Run 'pod install' or update your CocoaPods installation.\" >&2\n    exit 1\nfi\n";
			showEnvVarsInLog = 0;
		};
		75E560780F625CFCE246E924 /* [CP] Embed Pods Frameworks */ = {
			isa = PBXShellScriptBuildPhase;
			buildActionMask = 2147483647;
			files = (
			);
			inputPaths = (
			);
			name = "[CP] Embed Pods Frameworks";
			outputPaths = (
			);
			runOnlyForDeploymentPostprocessing = 0;
			shellPath = /bin/sh;
			shellScript = "\"${SRCROOT}/Pods/Target Support Files/Pods-releafTests/Pods-releafTests-frameworks.sh\"\n";
			showEnvVarsInLog = 0;
		};
		769075067E8A9712C2BAE28B /* [CP] Copy Pods Resources */ = {
			isa = PBXShellScriptBuildPhase;
			buildActionMask = 2147483647;
			files = (
			);
			inputPaths = (
			);
			name = "[CP] Copy Pods Resources";
			outputPaths = (
			);
			runOnlyForDeploymentPostprocessing = 0;
			shellPath = /bin/sh;
			shellScript = "\"${SRCROOT}/Pods/Target Support Files/Pods-releaf/Pods-releaf-resources.sh\"\n";
			showEnvVarsInLog = 0;
		};
		99FA0EF6CF02CF3BCA9D0E99 /* [CP] Embed Pods Frameworks */ = {
			isa = PBXShellScriptBuildPhase;
			buildActionMask = 2147483647;
			files = (
			);
			inputPaths = (
			);
			name = "[CP] Embed Pods Frameworks";
			outputPaths = (
			);
			runOnlyForDeploymentPostprocessing = 0;
			shellPath = /bin/sh;
			shellScript = "\"${SRCROOT}/Pods/Target Support Files/Pods-releaf/Pods-releaf-frameworks.sh\"\n";
			showEnvVarsInLog = 0;
		};
		AE683F38A13E2FAFB0A98CB2 /* [CP] Check Pods Manifest.lock */ = {
			isa = PBXShellScriptBuildPhase;
			buildActionMask = 2147483647;
			files = (
			);
			inputPaths = (
			);
			name = "[CP] Check Pods Manifest.lock";
			outputPaths = (
			);
			runOnlyForDeploymentPostprocessing = 0;
			shellPath = /bin/sh;
			shellScript = "diff \"${PODS_ROOT}/../Podfile.lock\" \"${PODS_ROOT}/Manifest.lock\" > /dev/null\nif [ $? != 0 ] ; then\n    # print error to STDERR\n    echo \"error: The sandbox is not in sync with the Podfile.lock. Run 'pod install' or update your CocoaPods installation.\" >&2\n    exit 1\nfi\n";
			showEnvVarsInLog = 0;
		};
		E2B52781C3962B5074095AAD /* [CP] Copy Pods Resources */ = {
			isa = PBXShellScriptBuildPhase;
			buildActionMask = 2147483647;
			files = (
			);
			inputPaths = (
			);
			name = "[CP] Copy Pods Resources";
			outputPaths = (
			);
			runOnlyForDeploymentPostprocessing = 0;
			shellPath = /bin/sh;
			shellScript = "\"${SRCROOT}/Pods/Target Support Files/Pods-releafUITests/Pods-releafUITests-resources.sh\"\n";
			showEnvVarsInLog = 0;
		};
		F317974A7C5A0423CA16B2AD /* [CP] Copy Pods Resources */ = {
			isa = PBXShellScriptBuildPhase;
			buildActionMask = 2147483647;
			files = (
			);
			inputPaths = (
			);
			name = "[CP] Copy Pods Resources";
			outputPaths = (
			);
			runOnlyForDeploymentPostprocessing = 0;
			shellPath = /bin/sh;
			shellScript = "\"${SRCROOT}/Pods/Target Support Files/Pods-releafTests/Pods-releafTests-resources.sh\"\n";
			showEnvVarsInLog = 0;
		};
		F7C4DA6E1C656A6F4F9EEC7F /* [CP] Embed Pods Frameworks */ = {
			isa = PBXShellScriptBuildPhase;
			buildActionMask = 2147483647;
			files = (
			);
			inputPaths = (
			);
			name = "[CP] Embed Pods Frameworks";
			outputPaths = (
			);
			runOnlyForDeploymentPostprocessing = 0;
			shellPath = /bin/sh;
			shellScript = "\"${SRCROOT}/Pods/Target Support Files/Pods-releafUITests/Pods-releafUITests-frameworks.sh\"\n";
			showEnvVarsInLog = 0;
		};
		F88481B5302F85D18D0EFBB7 /* [CP] Check Pods Manifest.lock */ = {
			isa = PBXShellScriptBuildPhase;
			buildActionMask = 2147483647;
			files = (
			);
			inputPaths = (
			);
			name = "[CP] Check Pods Manifest.lock";
			outputPaths = (
			);
			runOnlyForDeploymentPostprocessing = 0;
			shellPath = /bin/sh;
			shellScript = "diff \"${PODS_ROOT}/../Podfile.lock\" \"${PODS_ROOT}/Manifest.lock\" > /dev/null\nif [ $? != 0 ] ; then\n    # print error to STDERR\n    echo \"error: The sandbox is not in sync with the Podfile.lock. Run 'pod install' or update your CocoaPods installation.\" >&2\n    exit 1\nfi\n";
			showEnvVarsInLog = 0;
		};
/* End PBXShellScriptBuildPhase section */

/* Begin PBXSourcesBuildPhase section */
		A1B02F201E7474EE0002151D /* Sources */ = {
			isa = PBXSourcesBuildPhase;
			buildActionMask = 2147483647;
			files = (
				A150BC9B1E7DC90500A4175F /* PromptTableViewCell.swift in Sources */,
				A1B02F2C1E7474EF0002151D /* LoginController.swift in Sources */,
				A1B02F281E7474EF0002151D /* AppDelegate.swift in Sources */,
				A1B02F2A1E7474EF0002151D /* PostsController.swift in Sources */,
				A150BC961E7DA3F800A4175F /* SignUpController.swift in Sources */,
			);
			runOnlyForDeploymentPostprocessing = 0;
		};
		A1B02F361E7474EF0002151D /* Sources */ = {
			isa = PBXSourcesBuildPhase;
			buildActionMask = 2147483647;
			files = (
				A1B02F3F1E7474EF0002151D /* releafTests.swift in Sources */,
			);
			runOnlyForDeploymentPostprocessing = 0;
		};
		A1B02F411E7474EF0002151D /* Sources */ = {
			isa = PBXSourcesBuildPhase;
			buildActionMask = 2147483647;
			files = (
				A1B02F4A1E7474EF0002151D /* releafUITests.swift in Sources */,
			);
			runOnlyForDeploymentPostprocessing = 0;
		};
/* End PBXSourcesBuildPhase section */

/* Begin PBXTargetDependency section */
		A1B02F3C1E7474EF0002151D /* PBXTargetDependency */ = {
			isa = PBXTargetDependency;
			target = A1B02F231E7474EE0002151D /* releaf */;
			targetProxy = A1B02F3B1E7474EF0002151D /* PBXContainerItemProxy */;
		};
		A1B02F471E7474EF0002151D /* PBXTargetDependency */ = {
			isa = PBXTargetDependency;
			target = A1B02F231E7474EE0002151D /* releaf */;
			targetProxy = A1B02F461E7474EF0002151D /* PBXContainerItemProxy */;
		};
/* End PBXTargetDependency section */

/* Begin PBXVariantGroup section */
		A1B02F2D1E7474EF0002151D /* Main.storyboard */ = {
			isa = PBXVariantGroup;
			children = (
				A1B02F2E1E7474EF0002151D /* Base */,
			);
			name = Main.storyboard;
			sourceTree = "<group>";
		};
		A1B02F321E7474EF0002151D /* LaunchScreen.storyboard */ = {
			isa = PBXVariantGroup;
			children = (
				A1B02F331E7474EF0002151D /* Base */,
			);
			name = LaunchScreen.storyboard;
			sourceTree = "<group>";
		};
/* End PBXVariantGroup section */

/* Begin XCBuildConfiguration section */
		A1B02F4C1E7474EF0002151D /* Debug */ = {
			isa = XCBuildConfiguration;
			buildSettings = {
				ALWAYS_SEARCH_USER_PATHS = NO;
				CLANG_ANALYZER_NONNULL = YES;
				CLANG_CXX_LANGUAGE_STANDARD = "gnu++0x";
				CLANG_CXX_LIBRARY = "libc++";
				CLANG_ENABLE_MODULES = YES;
				CLANG_ENABLE_OBJC_ARC = YES;
				CLANG_WARN_BOOL_CONVERSION = YES;
				CLANG_WARN_CONSTANT_CONVERSION = YES;
				CLANG_WARN_DIRECT_OBJC_ISA_USAGE = YES_ERROR;
				CLANG_WARN_DOCUMENTATION_COMMENTS = YES;
				CLANG_WARN_EMPTY_BODY = YES;
				CLANG_WARN_ENUM_CONVERSION = YES;
				CLANG_WARN_INFINITE_RECURSION = YES;
				CLANG_WARN_INT_CONVERSION = YES;
				CLANG_WARN_OBJC_ROOT_CLASS = YES_ERROR;
				CLANG_WARN_SUSPICIOUS_MOVE = YES;
				CLANG_WARN_UNREACHABLE_CODE = YES;
				CLANG_WARN__DUPLICATE_METHOD_MATCH = YES;
				"CODE_SIGN_IDENTITY[sdk=iphoneos*]" = "iPhone Developer";
				COPY_PHASE_STRIP = NO;
				DEBUG_INFORMATION_FORMAT = dwarf;
				ENABLE_STRICT_OBJC_MSGSEND = YES;
				ENABLE_TESTABILITY = YES;
				GCC_C_LANGUAGE_STANDARD = gnu99;
				GCC_DYNAMIC_NO_PIC = NO;
				GCC_NO_COMMON_BLOCKS = YES;
				GCC_OPTIMIZATION_LEVEL = 0;
				GCC_PREPROCESSOR_DEFINITIONS = (
					"DEBUG=1",
					"$(inherited)",
				);
				GCC_WARN_64_TO_32_BIT_CONVERSION = YES;
				GCC_WARN_ABOUT_RETURN_TYPE = YES_ERROR;
				GCC_WARN_UNDECLARED_SELECTOR = YES;
				GCC_WARN_UNINITIALIZED_AUTOS = YES_AGGRESSIVE;
				GCC_WARN_UNUSED_FUNCTION = YES;
				GCC_WARN_UNUSED_VARIABLE = YES;
				IPHONEOS_DEPLOYMENT_TARGET = 10.2;
				MTL_ENABLE_DEBUG_INFO = YES;
				ONLY_ACTIVE_ARCH = YES;
				SDKROOT = iphoneos;
				SWIFT_ACTIVE_COMPILATION_CONDITIONS = DEBUG;
				SWIFT_OPTIMIZATION_LEVEL = "-Onone";
				TARGETED_DEVICE_FAMILY = "1,2";
			};
			name = Debug;
		};
		A1B02F4D1E7474EF0002151D /* Release */ = {
			isa = XCBuildConfiguration;
			buildSettings = {
				ALWAYS_SEARCH_USER_PATHS = NO;
				CLANG_ANALYZER_NONNULL = YES;
				CLANG_CXX_LANGUAGE_STANDARD = "gnu++0x";
				CLANG_CXX_LIBRARY = "libc++";
				CLANG_ENABLE_MODULES = YES;
				CLANG_ENABLE_OBJC_ARC = YES;
				CLANG_WARN_BOOL_CONVERSION = YES;
				CLANG_WARN_CONSTANT_CONVERSION = YES;
				CLANG_WARN_DIRECT_OBJC_ISA_USAGE = YES_ERROR;
				CLANG_WARN_DOCUMENTATION_COMMENTS = YES;
				CLANG_WARN_EMPTY_BODY = YES;
				CLANG_WARN_ENUM_CONVERSION = YES;
				CLANG_WARN_INFINITE_RECURSION = YES;
				CLANG_WARN_INT_CONVERSION = YES;
				CLANG_WARN_OBJC_ROOT_CLASS = YES_ERROR;
				CLANG_WARN_SUSPICIOUS_MOVE = YES;
				CLANG_WARN_UNREACHABLE_CODE = YES;
				CLANG_WARN__DUPLICATE_METHOD_MATCH = YES;
				"CODE_SIGN_IDENTITY[sdk=iphoneos*]" = "iPhone Developer";
				COPY_PHASE_STRIP = NO;
				DEBUG_INFORMATION_FORMAT = "dwarf-with-dsym";
				ENABLE_NS_ASSERTIONS = NO;
				ENABLE_STRICT_OBJC_MSGSEND = YES;
				GCC_C_LANGUAGE_STANDARD = gnu99;
				GCC_NO_COMMON_BLOCKS = YES;
				GCC_WARN_64_TO_32_BIT_CONVERSION = YES;
				GCC_WARN_ABOUT_RETURN_TYPE = YES_ERROR;
				GCC_WARN_UNDECLARED_SELECTOR = YES;
				GCC_WARN_UNINITIALIZED_AUTOS = YES_AGGRESSIVE;
				GCC_WARN_UNUSED_FUNCTION = YES;
				GCC_WARN_UNUSED_VARIABLE = YES;
				IPHONEOS_DEPLOYMENT_TARGET = 10.2;
				MTL_ENABLE_DEBUG_INFO = NO;
				SDKROOT = iphoneos;
				SWIFT_OPTIMIZATION_LEVEL = "-Owholemodule";
				TARGETED_DEVICE_FAMILY = "1,2";
				VALIDATE_PRODUCT = YES;
			};
			name = Release;
		};
		A1B02F4F1E7474EF0002151D /* Debug */ = {
			isa = XCBuildConfiguration;
			baseConfigurationReference = 99233D825F7E2F24F749D7BD /* Pods-releaf.debug.xcconfig */;
			buildSettings = {
				ASSETCATALOG_COMPILER_APPICON_NAME = AppIcon;
				DEVELOPMENT_TEAM = HSYD3ZBRT6;
				INFOPLIST_FILE = releaf/Info.plist;
				LD_RUNPATH_SEARCH_PATHS = "$(inherited) @executable_path/Frameworks";
				PRODUCT_BUNDLE_IDENTIFIER = com.eyu.releaf;
				PRODUCT_NAME = "$(TARGET_NAME)";
				SWIFT_VERSION = 3.0;
			};
			name = Debug;
		};
		A1B02F501E7474EF0002151D /* Release */ = {
			isa = XCBuildConfiguration;
			baseConfigurationReference = D91C8A06887AD65C48472310 /* Pods-releaf.release.xcconfig */;
			buildSettings = {
				ASSETCATALOG_COMPILER_APPICON_NAME = AppIcon;
				DEVELOPMENT_TEAM = HSYD3ZBRT6;
				INFOPLIST_FILE = releaf/Info.plist;
				LD_RUNPATH_SEARCH_PATHS = "$(inherited) @executable_path/Frameworks";
				PRODUCT_BUNDLE_IDENTIFIER = com.eyu.releaf;
				PRODUCT_NAME = "$(TARGET_NAME)";
				SWIFT_VERSION = 3.0;
			};
			name = Release;
		};
		A1B02F521E7474EF0002151D /* Debug */ = {
			isa = XCBuildConfiguration;
			baseConfigurationReference = 6F027B2446C8DE334E0C3AFD /* Pods-releafTests.debug.xcconfig */;
			buildSettings = {
				ALWAYS_EMBED_SWIFT_STANDARD_LIBRARIES = YES;
				BUNDLE_LOADER = "$(TEST_HOST)";
				DEVELOPMENT_TEAM = HSYD3ZBRT6;
				INFOPLIST_FILE = releafTests/Info.plist;
				LD_RUNPATH_SEARCH_PATHS = "$(inherited) @executable_path/Frameworks @loader_path/Frameworks";
				PRODUCT_BUNDLE_IDENTIFIER = com.eyu.releafTests;
				PRODUCT_NAME = "$(TARGET_NAME)";
				SWIFT_VERSION = 3.0;
				TEST_HOST = "$(BUILT_PRODUCTS_DIR)/releaf.app/releaf";
			};
			name = Debug;
		};
		A1B02F531E7474EF0002151D /* Release */ = {
			isa = XCBuildConfiguration;
			baseConfigurationReference = 8E8E06EA7BC5631A56354EF5 /* Pods-releafTests.release.xcconfig */;
			buildSettings = {
				ALWAYS_EMBED_SWIFT_STANDARD_LIBRARIES = YES;
				BUNDLE_LOADER = "$(TEST_HOST)";
				DEVELOPMENT_TEAM = HSYD3ZBRT6;
				INFOPLIST_FILE = releafTests/Info.plist;
				LD_RUNPATH_SEARCH_PATHS = "$(inherited) @executable_path/Frameworks @loader_path/Frameworks";
				PRODUCT_BUNDLE_IDENTIFIER = com.eyu.releafTests;
				PRODUCT_NAME = "$(TARGET_NAME)";
				SWIFT_VERSION = 3.0;
				TEST_HOST = "$(BUILT_PRODUCTS_DIR)/releaf.app/releaf";
			};
			name = Release;
		};
		A1B02F551E7474EF0002151D /* Debug */ = {
			isa = XCBuildConfiguration;
			baseConfigurationReference = A51AB55BF2403BF746476E73 /* Pods-releafUITests.debug.xcconfig */;
			buildSettings = {
				ALWAYS_EMBED_SWIFT_STANDARD_LIBRARIES = YES;
				DEVELOPMENT_TEAM = HSYD3ZBRT6;
				INFOPLIST_FILE = releafUITests/Info.plist;
				LD_RUNPATH_SEARCH_PATHS = "$(inherited) @executable_path/Frameworks @loader_path/Frameworks";
				PRODUCT_BUNDLE_IDENTIFIER = com.eyu.releafUITests;
				PRODUCT_NAME = "$(TARGET_NAME)";
				SWIFT_VERSION = 3.0;
				TEST_TARGET_NAME = releaf;
			};
			name = Debug;
		};
		A1B02F561E7474EF0002151D /* Release */ = {
			isa = XCBuildConfiguration;
			baseConfigurationReference = 20C11810B66678BFDD9A7D3F /* Pods-releafUITests.release.xcconfig */;
			buildSettings = {
				ALWAYS_EMBED_SWIFT_STANDARD_LIBRARIES = YES;
				DEVELOPMENT_TEAM = HSYD3ZBRT6;
				INFOPLIST_FILE = releafUITests/Info.plist;
				LD_RUNPATH_SEARCH_PATHS = "$(inherited) @executable_path/Frameworks @loader_path/Frameworks";
				PRODUCT_BUNDLE_IDENTIFIER = com.eyu.releafUITests;
				PRODUCT_NAME = "$(TARGET_NAME)";
				SWIFT_VERSION = 3.0;
				TEST_TARGET_NAME = releaf;
			};
			name = Release;
		};
/* End XCBuildConfiguration section */

/* Begin XCConfigurationList section */
		A1B02F1F1E7474EE0002151D /* Build configuration list for PBXProject "releaf" */ = {
			isa = XCConfigurationList;
			buildConfigurations = (
				A1B02F4C1E7474EF0002151D /* Debug */,
				A1B02F4D1E7474EF0002151D /* Release */,
			);
			defaultConfigurationIsVisible = 0;
			defaultConfigurationName = Release;
		};
		A1B02F4E1E7474EF0002151D /* Build configuration list for PBXNativeTarget "releaf" */ = {
			isa = XCConfigurationList;
			buildConfigurations = (
				A1B02F4F1E7474EF0002151D /* Debug */,
				A1B02F501E7474EF0002151D /* Release */,
			);
			defaultConfigurationIsVisible = 0;
			defaultConfigurationName = Release;
		};
		A1B02F511E7474EF0002151D /* Build configuration list for PBXNativeTarget "releafTests" */ = {
			isa = XCConfigurationList;
			buildConfigurations = (
				A1B02F521E7474EF0002151D /* Debug */,
				A1B02F531E7474EF0002151D /* Release */,
			);
			defaultConfigurationIsVisible = 0;
			defaultConfigurationName = Release;
		};
		A1B02F541E7474EF0002151D /* Build configuration list for PBXNativeTarget "releafUITests" */ = {
			isa = XCConfigurationList;
			buildConfigurations = (
				A1B02F551E7474EF0002151D /* Debug */,
				A1B02F561E7474EF0002151D /* Release */,
			);
			defaultConfigurationIsVisible = 0;
			defaultConfigurationName = Release;
		};
/* End XCConfigurationList section */
	};
	rootObject = A1B02F1C1E7474EE0002151D /* Project object */;
}
